
Microsoft Visual Studio Solution File, Format Version 12.00
# Visual Studio Version 16
VisualStudioVersion = 16.0.31624.102
MinimumVisualStudioVersion = 10.0.40219.1
Project("{8BC9CEB8-8B4A-11D0-8D11-00A0C91BC942}") = "Lab2", "Lab2\Lab2.vcxproj", "{BA67325E-8905-4004-8831-DA73AB62CCE3}"
EndProject
Project("{8BC9CEB8-8B4A-11D0-8D11-00A0C91BC942}") = "UnitTest1", "UnitTest1\UnitTest1.vcxproj", "{47498F5A-60D9-4870-9A38-61254A730054}"
EndProject
Global
	GlobalSection(SolutionConfigurationPlatforms) = preSolution
		Debug|x64 = Debug|x64
		Debug|x86 = Debug|x86
		Release|x64 = Release|x64
		Release|x86 = Release|x86
	EndGlobalSection
	GlobalSection(ProjectConfigurationPlatforms) = postSolution
		{BA67325E-8905-4004-8831-DA73AB62CCE3}.Debug|x64.ActiveCfg = Debug|x64
		{BA67325E-8905-4004-8831-DA73AB62CCE3}.Debug|x64.Build.0 = Debug|x64
		{BA67325E-8905-4004-8831-DA73AB62CCE3}.Debug|x86.ActiveCfg = Debug|Win32
		{BA67325E-8905-4004-8831-DA73AB62CCE3}.Debug|x86.Build.0 = Debug|Win32
		{BA67325E-8905-4004-8831-DA73AB62CCE3}.Release|x64.ActiveCfg = Release|x64
		{BA67325E-8905-4004-8831-DA73AB62CCE3}.Release|x64.Build.0 = Release|x64
		{BA67325E-8905-4004-8831-DA73AB62CCE3}.Release|x86.ActiveCfg = Release|Win32
		{BA67325E-8905-4004-8831-DA73AB62CCE3}.Release|x86.Build.0 = Release|Win32
		{47498F5A-60D9-4870-9A38-61254A730054}.Debug|x64.ActiveCfg = Debug|x64
		{47498F5A-60D9-4870-9A38-61254A730054}.Debug|x64.Build.0 = Debug|x64
		{47498F5A-60D9-4870-9A38-61254A730054}.Debug|x86.ActiveCfg = Debug|Win32
		{47498F5A-60D9-4870-9A38-61254A730054}.Debug|x86.Build.0 = Debug|Win32
		{47498F5A-60D9-4870-9A38-61254A730054}.Release|x64.ActiveCfg = Release|x64
		{47498F5A-60D9-4870-9A38-61254A730054}.Release|x64.Build.0 = Release|x64
		{47498F5A-60D9-4870-9A38-61254A730054}.Release|x86.ActiveCfg = Release|Win32
		{47498F5A-60D9-4870-9A38-61254A730054}.Release|x86.Build.0 = Release|Win32
	EndGlobalSection
	GlobalSection(SolutionProperties) = preSolution
		HideSolutionNode = FALSE
	EndGlobalSection
	GlobalSection(ExtensibilityGlobals) = postSolution
		SolutionGuid = {10E4FD36-8D55-4AE6-B369-45FBFF5C6C29}
	EndGlobalSection
EndGlobal
